
Microsoft Visual Studio Solution File, Format Version 12.00
# Visual Studio Version 17
VisualStudioVersion = 17.14.36414.22
MinimumVisualStudioVersion = 10.0.40219.1
Project("{FAE04EC0-301F-11D3-BF4B-00C04F79EFBC}") = "DocumentVault", "DocumentVault\DocumentVault.csproj", "{3A2C0921-802B-44AA-8F31-C46F25F0E261}"
EndProject
Project("{FAE04EC0-301F-11D3-BF4B-00C04F79EFBC}") = "DocumentVault.Functions", "..\DocumentVault.Functions\DocumentVault.Functions.csproj", "{87231462-B134-4321-83FD-9D3688FE4148}"
EndProject
Global
	GlobalSection(SolutionConfigurationPlatforms) = preSolution
		Debug|Any CPU = Debug|Any CPU
		Release|Any CPU = Release|Any CPU
	EndGlobalSection
	GlobalSection(ProjectConfigurationPlatforms) = postSolution
		{3A2C0921-802B-44AA-8F31-C46F25F0E261}.Debug|Any CPU.ActiveCfg = Debug|Any CPU
		{3A2C0921-802B-44AA-8F31-C46F25F0E261}.Debug|Any CPU.Build.0 = Debug|Any CPU
		{3A2C0921-802B-44AA-8F31-C46F25F0E261}.Release|Any CPU.ActiveCfg = Release|Any CPU
		{3A2C0921-802B-44AA-8F31-C46F25F0E261}.Release|Any CPU.Build.0 = Release|Any CPU
		{87231462-B134-4321-83FD-9D3688FE4148}.Debug|Any CPU.ActiveCfg = Debug|Any CPU
		{87231462-B134-4321-83FD-9D3688FE4148}.Debug|Any CPU.Build.0 = Debug|Any CPU
		{87231462-B134-4321-83FD-9D3688FE4148}.Release|Any CPU.ActiveCfg = Release|Any CPU
		{87231462-B134-4321-83FD-9D3688FE4148}.Release|Any CPU.Build.0 = Release|Any CPU
	EndGlobalSection
	GlobalSection(SolutionProperties) = preSolution
		HideSolutionNode = FALSE
	EndGlobalSection
	GlobalSection(ExtensibilityGlobals) = postSolution
		SolutionGuid = {253C03C6-A1C6-4113-A184-C80EBD5BA3D3}
	EndGlobalSection
EndGlobal
